
Microsoft Visual Studio Solution File, Format Version 12.00
# Visual Studio 15
VisualStudioVersion = 15.0.26124.0
MinimumVisualStudioVersion = 15.0.26124.0
Project("{2150E333-8FDC-42A3-9474-1A3956D46DE8}") = "src", "src", "{20E0185E-FA2B-4FDB-9E15-32E8385FFEBF}"
EndProject
Project("{FAE04EC0-301F-11D3-BF4B-00C04F79EFBC}") = "Requests", "src\Requests\Requests.csproj", "{3CEA6048-F161-4B51-BEE4-16ACCC58A725}"
EndProject
Project("{2150E333-8FDC-42A3-9474-1A3956D46DE8}") = "test", "test", "{5CA3DBD9-FBEE-413C-9A1A-45065F3E89DB}"
EndProject
Project("{FAE04EC0-301F-11D3-BF4B-00C04F79EFBC}") = "TestRequests", "test\TestRequests\TestRequests.csproj", "{549FDCE0-AE64-4BC7-9DBC-854C5F00BE2B}"
EndProject
Global
	GlobalSection(SolutionConfigurationPlatforms) = preSolution
		Debug|Any CPU = Debug|Any CPU
		Debug|x64 = Debug|x64
		Debug|x86 = Debug|x86
		Release|Any CPU = Release|Any CPU
		Release|x64 = Release|x64
		Release|x86 = Release|x86
	EndGlobalSection
	GlobalSection(SolutionProperties) = preSolution
		HideSolutionNode = FALSE
	EndGlobalSection
	GlobalSection(ProjectConfigurationPlatforms) = postSolution
		{3CEA6048-F161-4B51-BEE4-16ACCC58A725}.Debug|Any CPU.ActiveCfg = Debug|Any CPU
		{3CEA6048-F161-4B51-BEE4-16ACCC58A725}.Debug|Any CPU.Build.0 = Debug|Any CPU
		{3CEA6048-F161-4B51-BEE4-16ACCC58A725}.Debug|x64.ActiveCfg = Debug|Any CPU
		{3CEA6048-F161-4B51-BEE4-16ACCC58A725}.Debug|x64.Build.0 = Debug|Any CPU
		{3CEA6048-F161-4B51-BEE4-16ACCC58A725}.Debug|x86.ActiveCfg = Debug|Any CPU
		{3CEA6048-F161-4B51-BEE4-16ACCC58A725}.Debug|x86.Build.0 = Debug|Any CPU
		{3CEA6048-F161-4B51-BEE4-16ACCC58A725}.Release|Any CPU.ActiveCfg = Release|Any CPU
		{3CEA6048-F161-4B51-BEE4-16ACCC58A725}.Release|Any CPU.Build.0 = Release|Any CPU
		{3CEA6048-F161-4B51-BEE4-16ACCC58A725}.Release|x64.ActiveCfg = Release|Any CPU
		{3CEA6048-F161-4B51-BEE4-16ACCC58A725}.Release|x64.Build.0 = Release|Any CPU
		{3CEA6048-F161-4B51-BEE4-16ACCC58A725}.Release|x86.ActiveCfg = Release|Any CPU
		{3CEA6048-F161-4B51-BEE4-16ACCC58A725}.Release|x86.Build.0 = Release|Any CPU
		{549FDCE0-AE64-4BC7-9DBC-854C5F00BE2B}.Debug|Any CPU.ActiveCfg = Debug|Any CPU
		{549FDCE0-AE64-4BC7-9DBC-854C5F00BE2B}.Debug|Any CPU.Build.0 = Debug|Any CPU
		{549FDCE0-AE64-4BC7-9DBC-854C5F00BE2B}.Debug|x64.ActiveCfg = Debug|Any CPU
		{549FDCE0-AE64-4BC7-9DBC-854C5F00BE2B}.Debug|x64.Build.0 = Debug|Any CPU
		{549FDCE0-AE64-4BC7-9DBC-854C5F00BE2B}.Debug|x86.ActiveCfg = Debug|Any CPU
		{549FDCE0-AE64-4BC7-9DBC-854C5F00BE2B}.Debug|x86.Build.0 = Debug|Any CPU
		{549FDCE0-AE64-4BC7-9DBC-854C5F00BE2B}.Release|Any CPU.ActiveCfg = Release|Any CPU
		{549FDCE0-AE64-4BC7-9DBC-854C5F00BE2B}.Release|Any CPU.Build.0 = Release|Any CPU
		{549FDCE0-AE64-4BC7-9DBC-854C5F00BE2B}.Release|x64.ActiveCfg = Release|Any CPU
		{549FDCE0-AE64-4BC7-9DBC-854C5F00BE2B}.Release|x64.Build.0 = Release|Any CPU
		{549FDCE0-AE64-4BC7-9DBC-854C5F00BE2B}.Release|x86.ActiveCfg = Release|Any CPU
		{549FDCE0-AE64-4BC7-9DBC-854C5F00BE2B}.Release|x86.Build.0 = Release|Any CPU
	EndGlobalSection
	GlobalSection(NestedProjects) = preSolution
		{3CEA6048-F161-4B51-BEE4-16ACCC58A725} = {20E0185E-FA2B-4FDB-9E15-32E8385FFEBF}
		{549FDCE0-AE64-4BC7-9DBC-854C5F00BE2B} = {5CA3DBD9-FBEE-413C-9A1A-45065F3E89DB}
	EndGlobalSection
EndGlobal
